// !$*UTF8*$!
{
	archiveVersion = 1;
	classes = {
	};
	objectVersion = 77;
	objects = {

/* Begin PBXBuildFile section */
		6796DD322E3B039800A59055 /* SwiftOTP in Frameworks */ = {isa = PBXBuildFile; productRef = 6796DD312E3B039800A59055 /* SwiftOTP */; };
		6796DD342E3B039C00A59055 /* SwiftOTP-Dynamic in Frameworks */ = {isa = PBXBuildFile; productRef = 6796DD332E3B039C00A59055 /* SwiftOTP-Dynamic */; };
		6796DD352E3B039C00A59055 /* SwiftOTP-Dynamic in Embed Frameworks */ = {isa = PBXBuildFile; productRef = 6796DD332E3B039C00A59055 /* SwiftOTP-Dynamic */; settings = {ATTRIBUTES = (CodeSignOnCopy, ); }; };
		6796DD382E3B03A400A59055 /* _CryptoExtras in Frameworks */ = {isa = PBXBuildFile; productRef = 6796DD372E3B03A400A59055 /* _CryptoExtras */; };
		6796DD3A2E3B03A800A59055 /* Crypto in Frameworks */ = {isa = PBXBuildFile; productRef = 6796DD392E3B03A800A59055 /* Crypto */; };
		6796DD3C2E3B03AD00A59055 /* SamplePackage in Frameworks */ = {isa = PBXBuildFile; productRef = 6796DD3B2E3B03AD00A59055 /* SamplePackage */; };
/* End PBXBuildFile section */

/* Begin PBXContainerItemProxy section */
		671C6A522E29E9DC008081D4 /* PBXContainerItemProxy */ = {
			isa = PBXContainerItemProxy;
			containerPortal = 671C6A302E29E9DB008081D4 /* Project object */;
			proxyType = 1;
			remoteGlobalIDString = 671C6A372E29E9DB008081D4;
			remoteInfo = ZeroOTP;
		};
		671C6A5C2E29E9DC008081D4 /* PBXContainerItemProxy */ = {
			isa = PBXContainerItemProxy;
			containerPortal = 671C6A302E29E9DB008081D4 /* Project object */;
			proxyType = 1;
			remoteGlobalIDString = 671C6A372E29E9DB008081D4;
			remoteInfo = ZeroOTP;
		};
/* End PBXContainerItemProxy section */

/* Begin PBXCopyFilesBuildPhase section */
		6796DD362E3B039C00A59055 /* Embed Frameworks */ = {
			isa = PBXCopyFilesBuildPhase;
			buildActionMask = 2147483647;
			dstPath = "";
			dstSubfolderSpec = 10;
			files = (
				6796DD352E3B039C00A59055 /* SwiftOTP-Dynamic in Embed Frameworks */,
			);
			name = "Embed Frameworks";
			runOnlyForDeploymentPostprocessing = 0;
		};
/* End PBXCopyFilesBuildPhase section */

/* Begin PBXFileReference section */
		671C6A382E29E9DB008081D4 /* ZeroOTP.app */ = {isa = PBXFileReference; explicitFileType = wrapper.application; includeInIndex = 0; path = ZeroOTP.app; sourceTree = BUILT_PRODUCTS_DIR; };
		671C6A512E29E9DC008081D4 /* ZeroOTPTests.xctest */ = {isa = PBXFileReference; explicitFileType = wrapper.cfbundle; includeInIndex = 0; path = ZeroOTPTests.xctest; sourceTree = BUILT_PRODUCTS_DIR; };
		671C6A5B2E29E9DC008081D4 /* ZeroOTPUITests.xctest */ = {isa = PBXFileReference; explicitFileType = wrapper.cfbundle; includeInIndex = 0; path = ZeroOTPUITests.xctest; sourceTree = BUILT_PRODUCTS_DIR; };
/* End PBXFileReference section */

/* Begin PBXFileSystemSynchronizedBuildFileExceptionSet section */
		671C6A632E29E9DC008081D4 /* Exceptions for "ZeroOTP" folder in "ZeroOTP" target */ = {
			isa = PBXFileSystemSynchronizedBuildFileExceptionSet;
			membershipExceptions = (
				Info.plist,
			);
			target = 671C6A372E29E9DB008081D4 /* ZeroOTP */;
		};
/* End PBXFileSystemSynchronizedBuildFileExceptionSet section */

/* Begin PBXFileSystemSynchronizedRootGroup section */
		671C6A3A2E29E9DB008081D4 /* ZeroOTP */ = {
			isa = PBXFileSystemSynchronizedRootGroup;
			exceptions = (
				671C6A632E29E9DC008081D4 /* Exceptions for "ZeroOTP" folder in "ZeroOTP" target */,
			);
			path = ZeroOTP;
			sourceTree = "<group>";
		};
		671C6A542E29E9DC008081D4 /* ZeroOTPTests */ = {
			isa = PBXFileSystemSynchronizedRootGroup;
			path = ZeroOTPTests;
			sourceTree = "<group>";
		};
		671C6A5E2E29E9DC008081D4 /* ZeroOTPUITests */ = {
			isa = PBXFileSystemSynchronizedRootGroup;
			path = ZeroOTPUITests;
			sourceTree = "<group>";
		};
/* End PBXFileSystemSynchronizedRootGroup section */

/* Begin PBXFrameworksBuildPhase section */
		671C6A352E29E9DB008081D4 /* Frameworks */ = {
			isa = PBXFrameworksBuildPhase;
			buildActionMask = 2147483647;
			files = (
				6796DD342E3B039C00A59055 /* SwiftOTP-Dynamic in Frameworks */,
				6796DD322E3B039800A59055 /* SwiftOTP in Frameworks */,
				6796DD3C2E3B03AD00A59055 /* SamplePackage in Frameworks */,
				6796DD382E3B03A400A59055 /* _CryptoExtras in Frameworks */,
				6796DD3A2E3B03A800A59055 /* Crypto in Frameworks */,
			);
			runOnlyForDeploymentPostprocessing = 0;
		};
		671C6A4E2E29E9DC008081D4 /* Frameworks */ = {
			isa = PBXFrameworksBuildPhase;
			buildActionMask = 2147483647;
			files = (
			);
			runOnlyForDeploymentPostprocessing = 0;
		};
		671C6A582E29E9DC008081D4 /* Frameworks */ = {
			isa = PBXFrameworksBuildPhase;
			buildActionMask = 2147483647;
			files = (
			);
			runOnlyForDeploymentPostprocessing = 0;
		};
/* End PBXFrameworksBuildPhase section */

/* Begin PBXGroup section */
		671C6A2F2E29E9DB008081D4 = {
			isa = PBXGroup;
			children = (
				671C6A3A2E29E9DB008081D4 /* ZeroOTP */,
				671C6A542E29E9DC008081D4 /* ZeroOTPTests */,
				671C6A5E2E29E9DC008081D4 /* ZeroOTPUITests */,
				6796DD302E3B039200A59055 /* Frameworks */,
				671C6A392E29E9DB008081D4 /* Products */,
			);
			sourceTree = "<group>";
		};
		671C6A392E29E9DB008081D4 /* Products */ = {
			isa = PBXGroup;
			children = (
				671C6A382E29E9DB008081D4 /* ZeroOTP.app */,
				671C6A512E29E9DC008081D4 /* ZeroOTPTests.xctest */,
				671C6A5B2E29E9DC008081D4 /* ZeroOTPUITests.xctest */,
			);
			name = Products;
			sourceTree = "<group>";
		};
		6796DD302E3B039200A59055 /* Frameworks */ = {
			isa = PBXGroup;
			children = (
			);
			name = Frameworks;
			sourceTree = "<group>";
		};
/* End PBXGroup section */

/* Begin PBXNativeTarget section */
		671C6A372E29E9DB008081D4 /* ZeroOTP */ = {
			isa = PBXNativeTarget;
			buildConfigurationList = 671C6A642E29E9DC008081D4 /* Build configuration list for PBXNativeTarget "ZeroOTP" */;
			buildPhases = (
				671C6A342E29E9DB008081D4 /* Sources */,
				671C6A352E29E9DB008081D4 /* Frameworks */,
				671C6A362E29E9DB008081D4 /* Resources */,
				6796DD362E3B039C00A59055 /* Embed Frameworks */,
			);
			buildRules = (
			);
			dependencies = (
			);
			fileSystemSynchronizedGroups = (
				671C6A3A2E29E9DB008081D4 /* ZeroOTP */,
			);
			name = ZeroOTP;
			packageProductDependencies = (
				6796DD312E3B039800A59055 /* SwiftOTP */,
				6796DD332E3B039C00A59055 /* SwiftOTP-Dynamic */,
				6796DD372E3B03A400A59055 /* _CryptoExtras */,
				6796DD392E3B03A800A59055 /* Crypto */,
				6796DD3B2E3B03AD00A59055 /* SamplePackage */,
			);
			productName = ZeroOTP;
			productReference = 671C6A382E29E9DB008081D4 /* ZeroOTP.app */;
			productType = "com.apple.product-type.application";
		};
		671C6A502E29E9DC008081D4 /* ZeroOTPTests */ = {
			isa = PBXNativeTarget;
			buildConfigurationList = 671C6A692E29E9DC008081D4 /* Build configuration list for PBXNativeTarget "ZeroOTPTests" */;
			buildPhases = (
				671C6A4D2E29E9DC008081D4 /* Sources */,
				671C6A4E2E29E9DC008081D4 /* Frameworks */,
				671C6A4F2E29E9DC008081D4 /* Resources */,
			);
			buildRules = (
			);
			dependencies = (
				671C6A532E29E9DC008081D4 /* PBXTargetDependency */,
			);
			fileSystemSynchronizedGroups = (
				671C6A542E29E9DC008081D4 /* ZeroOTPTests */,
			);
			name = ZeroOTPTests;
			packageProductDependencies = (
			);
			productName = ZeroOTPTests;
			productReference = 671C6A512E29E9DC008081D4 /* ZeroOTPTests.xctest */;
			productType = "com.apple.product-type.bundle.unit-test";
		};
		671C6A5A2E29E9DC008081D4 /* ZeroOTPUITests */ = {
			isa = PBXNativeTarget;
			buildConfigurationList = 671C6A6C2E29E9DC008081D4 /* Build configuration list for PBXNativeTarget "ZeroOTPUITests" */;
			buildPhases = (
				671C6A572E29E9DC008081D4 /* Sources */,
				671C6A582E29E9DC008081D4 /* Frameworks */,
				671C6A592E29E9DC008081D4 /* Resources */,
			);
			buildRules = (
			);
			dependencies = (
				671C6A5D2E29E9DC008081D4 /* PBXTargetDependency */,
			);
			fileSystemSynchronizedGroups = (
				671C6A5E2E29E9DC008081D4 /* ZeroOTPUITests */,
			);
			name = ZeroOTPUITests;
			packageProductDependencies = (
			);
			productName = ZeroOTPUITests;
			productReference = 671C6A5B2E29E9DC008081D4 /* ZeroOTPUITests.xctest */;
			productType = "com.apple.product-type.bundle.ui-testing";
		};
/* End PBXNativeTarget section */

/* Begin PBXProject section */
		671C6A302E29E9DB008081D4 /* Project object */ = {
			isa = PBXProject;
			attributes = {
				BuildIndependentTargetsInParallel = 1;
				LastSwiftUpdateCheck = 1640;
				LastUpgradeCheck = 1640;
				TargetAttributes = {
					671C6A372E29E9DB008081D4 = {
						CreatedOnToolsVersion = 16.4;
					};
					671C6A502E29E9DC008081D4 = {
						CreatedOnToolsVersion = 16.4;
						TestTargetID = 671C6A372E29E9DB008081D4;
					};
					671C6A5A2E29E9DC008081D4 = {
						CreatedOnToolsVersion = 16.4;
						TestTargetID = 671C6A372E29E9DB008081D4;
					};
				};
			};
			buildConfigurationList = 671C6A332E29E9DB008081D4 /* Build configuration list for PBXProject "ZeroOTP" */;
			developmentRegion = en;
			hasScannedForEncodings = 0;
			knownRegions = (
				en,
				Base,
			);
			mainGroup = 671C6A2F2E29E9DB008081D4;
			minimizedProjectReferenceProxies = 1;
			packageReferences = (
				6712896B2E3AFDC3005BBF64 /* XCRemoteSwiftPackageReference "swift-crypto" */,
				6712896C2E3AFDE4005BBF64 /* XCRemoteSwiftPackageReference "SwiftOTP" */,
				6712896D2E3B014D005BBF64 /* XCRemoteSwiftPackageReference "SamplePackage" */,
			);
			preferredProjectObjectVersion = 77;
			productRefGroup = 671C6A392E29E9DB008081D4 /* Products */;
			projectDirPath = "";
			projectRoot = "";
			targets = (
				671C6A372E29E9DB008081D4 /* ZeroOTP */,
				671C6A502E29E9DC008081D4 /* ZeroOTPTests */,
				671C6A5A2E29E9DC008081D4 /* ZeroOTPUITests */,
			);
		};
/* End PBXProject section */

/* Begin PBXResourcesBuildPhase section */
		671C6A362E29E9DB008081D4 /* Resources */ = {
			isa = PBXResourcesBuildPhase;
			buildActionMask = 2147483647;
			files = (
			);
			runOnlyForDeploymentPostprocessing = 0;
		};
		671C6A4F2E29E9DC008081D4 /* Resources */ = {
			isa = PBXResourcesBuildPhase;
			buildActionMask = 2147483647;
			files = (
			);
			runOnlyForDeploymentPostprocessing = 0;
		};
		671C6A592E29E9DC008081D4 /* Resources */ = {
			isa = PBXResourcesBuildPhase;
			buildActionMask = 2147483647;
			files = (
			);
			runOnlyForDeploymentPostprocessing = 0;
		};
/* End PBXResourcesBuildPhase section */

/* Begin PBXSourcesBuildPhase section */
		671C6A342E29E9DB008081D4 /* Sources */ = {
			isa = PBXSourcesBuildPhase;
			buildActionMask = 2147483647;
			files = (
			);
			runOnlyForDeploymentPostprocessing = 0;
		};
		671C6A4D2E29E9DC008081D4 /* Sources */ = {
			isa = PBXSourcesBuildPhase;
			buildActionMask = 2147483647;
			files = (
			);
			runOnlyForDeploymentPostprocessing = 0;
		};
		671C6A572E29E9DC008081D4 /* Sources */ = {
			isa = PBXSourcesBuildPhase;
			buildActionMask = 2147483647;
			files = (
			);
			runOnlyForDeploymentPostprocessing = 0;
		};
/* End PBXSourcesBuildPhase section */

/* Begin PBXTargetDependency section */
		671C6A532E29E9DC008081D4 /* PBXTargetDependency */ = {
			isa = PBXTargetDependency;
			target = 671C6A372E29E9DB008081D4 /* ZeroOTP */;
			targetProxy = 671C6A522E29E9DC008081D4 /* PBXContainerItemProxy */;
		};
		671C6A5D2E29E9DC008081D4 /* PBXTargetDependency */ = {
			isa = PBXTargetDependency;
			target = 671C6A372E29E9DB008081D4 /* ZeroOTP */;
			targetProxy = 671C6A5C2E29E9DC008081D4 /* PBXContainerItemProxy */;
		};
/* End PBXTargetDependency section */

/* Begin XCBuildConfiguration section */
		671C6A652E29E9DC008081D4 /* Debug */ = {
			isa = XCBuildConfiguration;
			buildSettings = {
				ASSETCATALOG_COMPILER_APPICON_NAME = AppIcon;
				ASSETCATALOG_COMPILER_GLOBAL_ACCENT_COLOR_NAME = AccentColor;
				CODE_SIGN_STYLE = Automatic;
				CURRENT_PROJECT_VERSION = 1;
				DEVELOPMENT_TEAM = RKTJKHD762;
				GENERATE_INFOPLIST_FILE = YES;
				INFOPLIST_FILE = ZeroOTP/Info.plist;
				INFOPLIST_KEY_UIApplicationSupportsIndirectInputEvents = YES;
				INFOPLIST_KEY_UILaunchStoryboardName = LaunchScreen;
				INFOPLIST_KEY_UIMainStoryboardFile = Main;
				INFOPLIST_KEY_UISupportedInterfaceOrientations_iPad = "UIInterfaceOrientationPortrait UIInterfaceOrientationPortraitUpsideDown UIInterfaceOrientationLandscapeLeft UIInterfaceOrientationLandscapeRight";
				INFOPLIST_KEY_UISupportedInterfaceOrientations_iPhone = "UIInterfaceOrientationPortrait UIInterfaceOrientationLandscapeLeft UIInterfaceOrientationLandscapeRight";
				IPHONEOS_DEPLOYMENT_TARGET = 15.6;
				LD_RUNPATH_SEARCH_PATHS = (
					"$(inherited)",
					"@executable_path/Frameworks",
				);
				MARKETING_VERSION = 1.0;
				PRODUCT_BUNDLE_IDENTIFIER = jmbdev.ZeroOTP;
				PRODUCT_NAME = "$(TARGET_NAME)";
				SWIFT_EMIT_LOC_STRINGS = YES;
				SWIFT_VERSION = 5.0;
				TARGETED_DEVICE_FAMILY = "1,2";
			};
			name = Debug;
		};
		671C6A662E29E9DC008081D4 /* Release */ = {
			isa = XCBuildConfiguration;
			buildSettings = {
				ASSETCATALOG_COMPILER_APPICON_NAME = AppIcon;
				ASSETCATALOG_COMPILER_GLOBAL_ACCENT_COLOR_NAME = AccentColor;
				CODE_SIGN_STYLE = Automatic;
				CURRENT_PROJECT_VERSION = 1;
				DEVELOPMENT_TEAM = RKTJKHD762;
				GENERATE_INFOPLIST_FILE = YES;
				INFOPLIST_FILE = ZeroOTP/Info.plist;
				INFOPLIST_KEY_UIApplicationSupportsIndirectInputEvents = YES;
				INFOPLIST_KEY_UILaunchStoryboardName = LaunchScreen;
				INFOPLIST_KEY_UIMainStoryboardFile = Main;
				INFOPLIST_KEY_UISupportedInterfaceOrientations_iPad = "UIInterfaceOrientationPortrait UIInterfaceOrientationPortraitUpsideDown UIInterfaceOrientationLandscapeLeft UIInterfaceOrientationLandscapeRight";
				INFOPLIST_KEY_UISupportedInterfaceOrientations_iPhone = "UIInterfaceOrientationPortrait UIInterfaceOrientationLandscapeLeft UIInterfaceOrientationLandscapeRight";
				IPHONEOS_DEPLOYMENT_TARGET = 15.6;
				LD_RUNPATH_SEARCH_PATHS = (
					"$(inherited)",
					"@executable_path/Frameworks",
				);
				MARKETING_VERSION = 1.0;
				PRODUCT_BUNDLE_IDENTIFIER = jmbdev.ZeroOTP;
				PRODUCT_NAME = "$(TARGET_NAME)";
				SWIFT_EMIT_LOC_STRINGS = YES;
				SWIFT_VERSION = 5.0;
				TARGETED_DEVICE_FAMILY = "1,2";
			};
			name = Release;
		};
		671C6A672E29E9DC008081D4 /* Debug */ = {
			isa = XCBuildConfiguration;
			buildSettings = {
				ALWAYS_SEARCH_USER_PATHS = NO;
				ASSETCATALOG_COMPILER_GENERATE_SWIFT_ASSET_SYMBOL_EXTENSIONS = YES;
				CLANG_ANALYZER_NONNULL = YES;
				CLANG_ANALYZER_NUMBER_OBJECT_CONVERSION = YES_AGGRESSIVE;
				CLANG_CXX_LANGUAGE_STANDARD = "gnu++20";
				CLANG_ENABLE_MODULES = YES;
				CLANG_ENABLE_OBJC_ARC = YES;
				CLANG_ENABLE_OBJC_WEAK = YES;
				CLANG_WARN_BLOCK_CAPTURE_AUTORELEASING = YES;
				CLANG_WARN_BOOL_CONVERSION = YES;
				CLANG_WARN_COMMA = YES;
				CLANG_WARN_CONSTANT_CONVERSION = YES;
				CLANG_WARN_DEPRECATED_OBJC_IMPLEMENTATIONS = YES;
				CLANG_WARN_DIRECT_OBJC_ISA_USAGE = YES_ERROR;
				CLANG_WARN_DOCUMENTATION_COMMENTS = YES;
				CLANG_WARN_EMPTY_BODY = YES;
				CLANG_WARN_ENUM_CONVERSION = YES;
				CLANG_WARN_INFINITE_RECURSION = YES;
				CLANG_WARN_INT_CONVERSION = YES;
				CLANG_WARN_NON_LITERAL_NULL_CONVERSION = YES;
				CLANG_WARN_OBJC_IMPLICIT_RETAIN_SELF = YES;
				CLANG_WARN_OBJC_LITERAL_CONVERSION = YES;
				CLANG_WARN_OBJC_ROOT_CLASS = YES_ERROR;
				CLANG_WARN_QUOTED_INCLUDE_IN_FRAMEWORK_HEADER = YES;
				CLANG_WARN_RANGE_LOOP_ANALYSIS = YES;
				CLANG_WARN_STRICT_PROTOTYPES = YES;
				CLANG_WARN_SUSPICIOUS_MOVE = YES;
				CLANG_WARN_UNGUARDED_AVAILABILITY = YES_AGGRESSIVE;
				CLANG_WARN_UNREACHABLE_CODE = YES;
				CLANG_WARN__DUPLICATE_METHOD_MATCH = YES;
				COPY_PHASE_STRIP = NO;
				DEBUG_INFORMATION_FORMAT = dwarf;
				DEVELOPMENT_TEAM = RKTJKHD762;
				ENABLE_STRICT_OBJC_MSGSEND = YES;
				ENABLE_TESTABILITY = YES;
				ENABLE_USER_SCRIPT_SANDBOXING = YES;
				GCC_C_LANGUAGE_STANDARD = gnu17;
				GCC_DYNAMIC_NO_PIC = NO;
				GCC_NO_COMMON_BLOCKS = YES;
				GCC_OPTIMIZATION_LEVEL = 0;
				GCC_PREPROCESSOR_DEFINITIONS = (
					"DEBUG=1",
					"$(inherited)",
				);
				GCC_WARN_64_TO_32_BIT_CONVERSION = YES;
				GCC_WARN_ABOUT_RETURN_TYPE = YES_ERROR;
				GCC_WARN_UNDECLARED_SELECTOR = YES;
				GCC_WARN_UNINITIALIZED_AUTOS = YES_AGGRESSIVE;
				GCC_WARN_UNUSED_FUNCTION = YES;
				GCC_WARN_UNUSED_VARIABLE = YES;
				IPHONEOS_DEPLOYMENT_TARGET = 15.6;
				LOCALIZATION_PREFERS_STRING_CATALOGS = YES;
				MTL_ENABLE_DEBUG_INFO = INCLUDE_SOURCE;
				MTL_FAST_MATH = YES;
				ONLY_ACTIVE_ARCH = YES;
				SDKROOT = iphoneos;
				SWIFT_ACTIVE_COMPILATION_CONDITIONS = "DEBUG $(inherited)";
				SWIFT_OPTIMIZATION_LEVEL = "-Onone";
				SWIFT_VERSION = 5.0;
			};
			name = Debug;
		};
		671C6A682E29E9DC008081D4 /* Release */ = {
			isa = XCBuildConfiguration;
			buildSettings = {
				ALWAYS_SEARCH_USER_PATHS = NO;
				ASSETCATALOG_COMPILER_GENERATE_SWIFT_ASSET_SYMBOL_EXTENSIONS = YES;
				CLANG_ANALYZER_NONNULL = YES;
				CLANG_ANALYZER_NUMBER_OBJECT_CONVERSION = YES_AGGRESSIVE;
				CLANG_CXX_LANGUAGE_STANDARD = "gnu++20";
				CLANG_ENABLE_MODULES = YES;
				CLANG_ENABLE_OBJC_ARC = YES;
				CLANG_ENABLE_OBJC_WEAK = YES;
				CLANG_WARN_BLOCK_CAPTURE_AUTORELEASING = YES;
				CLANG_WARN_BOOL_CONVERSION = YES;
				CLANG_WARN_COMMA = YES;
				CLANG_WARN_CONSTANT_CONVERSION = YES;
				CLANG_WARN_DEPRECATED_OBJC_IMPLEMENTATIONS = YES;
				CLANG_WARN_DIRECT_OBJC_ISA_USAGE = YES_ERROR;
				CLANG_WARN_DOCUMENTATION_COMMENTS = YES;
				CLANG_WARN_EMPTY_BODY = YES;
				CLANG_WARN_ENUM_CONVERSION = YES;
				CLANG_WARN_INFINITE_RECURSION = YES;
				CLANG_WARN_INT_CONVERSION = YES;
				CLANG_WARN_NON_LITERAL_NULL_CONVERSION = YES;
				CLANG_WARN_OBJC_IMPLICIT_RETAIN_SELF = YES;
				CLANG_WARN_OBJC_LITERAL_CONVERSION = YES;
				CLANG_WARN_OBJC_ROOT_CLASS = YES_ERROR;
				CLANG_WARN_QUOTED_INCLUDE_IN_FRAMEWORK_HEADER = YES;
				CLANG_WARN_RANGE_LOOP_ANALYSIS = YES;
				CLANG_WARN_STRICT_PROTOTYPES = YES;
				CLANG_WARN_SUSPICIOUS_MOVE = YES;
				CLANG_WARN_UNGUARDED_AVAILABILITY = YES_AGGRESSIVE;
				CLANG_WARN_UNREACHABLE_CODE = YES;
				CLANG_WARN__DUPLICATE_METHOD_MATCH = YES;
				COPY_PHASE_STRIP = NO;
				DEBUG_INFORMATION_FORMAT = "dwarf-with-dsym";
				DEVELOPMENT_TEAM = RKTJKHD762;
				ENABLE_NS_ASSERTIONS = NO;
				ENABLE_STRICT_OBJC_MSGSEND = YES;
				ENABLE_USER_SCRIPT_SANDBOXING = YES;
				GCC_C_LANGUAGE_STANDARD = gnu17;
				GCC_NO_COMMON_BLOCKS = YES;
				GCC_WARN_64_TO_32_BIT_CONVERSION = YES;
				GCC_WARN_ABOUT_RETURN_TYPE = YES_ERROR;
				GCC_WARN_UNDECLARED_SELECTOR = YES;
				GCC_WARN_UNINITIALIZED_AUTOS = YES_AGGRESSIVE;
				GCC_WARN_UNUSED_FUNCTION = YES;
				GCC_WARN_UNUSED_VARIABLE = YES;
				IPHONEOS_DEPLOYMENT_TARGET = 15.6;
				LOCALIZATION_PREFERS_STRING_CATALOGS = YES;
				MTL_ENABLE_DEBUG_INFO = NO;
				MTL_FAST_MATH = YES;
				SDKROOT = iphoneos;
				SWIFT_COMPILATION_MODE = wholemodule;
				SWIFT_VERSION = 5.0;
				VALIDATE_PRODUCT = YES;
			};
			name = Release;
		};
		671C6A6A2E29E9DC008081D4 /* Debug */ = {
			isa = XCBuildConfiguration;
			buildSettings = {
				BUNDLE_LOADER = "$(TEST_HOST)";
				CODE_SIGN_STYLE = Automatic;
				CURRENT_PROJECT_VERSION = 1;
				DEVELOPMENT_TEAM = RKTJKHD762;
				GENERATE_INFOPLIST_FILE = YES;
				IPHONEOS_DEPLOYMENT_TARGET = 18.5;
				MARKETING_VERSION = 1.0;
				PRODUCT_BUNDLE_IDENTIFIER = jmbdev.ZeroOTPTests;
				PRODUCT_NAME = "$(TARGET_NAME)";
				SWIFT_EMIT_LOC_STRINGS = NO;
				SWIFT_VERSION = 5.0;
				TARGETED_DEVICE_FAMILY = "1,2";
				TEST_HOST = "$(BUILT_PRODUCTS_DIR)/ZeroOTP.app/$(BUNDLE_EXECUTABLE_FOLDER_PATH)/ZeroOTP";
			};
			name = Debug;
		};
		671C6A6B2E29E9DC008081D4 /* Release */ = {
			isa = XCBuildConfiguration;
			buildSettings = {
				BUNDLE_LOADER = "$(TEST_HOST)";
				CODE_SIGN_STYLE = Automatic;
				CURRENT_PROJECT_VERSION = 1;
				DEVELOPMENT_TEAM = RKTJKHD762;
				GENERATE_INFOPLIST_FILE = YES;
				IPHONEOS_DEPLOYMENT_TARGET = 18.5;
				MARKETING_VERSION = 1.0;
				PRODUCT_BUNDLE_IDENTIFIER = jmbdev.ZeroOTPTests;
				PRODUCT_NAME = "$(TARGET_NAME)";
				SWIFT_EMIT_LOC_STRINGS = NO;
				SWIFT_VERSION = 5.0;
				TARGETED_DEVICE_FAMILY = "1,2";
				TEST_HOST = "$(BUILT_PRODUCTS_DIR)/ZeroOTP.app/$(BUNDLE_EXECUTABLE_FOLDER_PATH)/ZeroOTP";
			};
			name = Release;
		};
		671C6A6D2E29E9DC008081D4 /* Debug */ = {
			isa = XCBuildConfiguration;
			buildSettings = {
				CODE_SIGN_STYLE = Automatic;
				CURRENT_PROJECT_VERSION = 1;
				DEVELOPMENT_TEAM = RKTJKHD762;
				GENERATE_INFOPLIST_FILE = YES;
				MARKETING_VERSION = 1.0;
				PRODUCT_BUNDLE_IDENTIFIER = jmbdev.ZeroOTPUITests;
				PRODUCT_NAME = "$(TARGET_NAME)";
				SWIFT_EMIT_LOC_STRINGS = NO;
				SWIFT_VERSION = 5.0;
				TARGETED_DEVICE_FAMILY = "1,2";
				TEST_TARGET_NAME = ZeroOTP;
			};
			name = Debug;
		};
		671C6A6E2E29E9DC008081D4 /* Release */ = {
			isa = XCBuildConfiguration;
			buildSettings = {
				CODE_SIGN_STYLE = Automatic;
				CURRENT_PROJECT_VERSION = 1;
				DEVELOPMENT_TEAM = RKTJKHD762;
				GENERATE_INFOPLIST_FILE = YES;
				MARKETING_VERSION = 1.0;
				PRODUCT_BUNDLE_IDENTIFIER = jmbdev.ZeroOTPUITests;
				PRODUCT_NAME = "$(TARGET_NAME)";
				SWIFT_EMIT_LOC_STRINGS = NO;
				SWIFT_VERSION = 5.0;
				TARGETED_DEVICE_FAMILY = "1,2";
				TEST_TARGET_NAME = ZeroOTP;
			};
			name = Release;
		};
/* End XCBuildConfiguration section */

/* Begin XCConfigurationList section */
		671C6A332E29E9DB008081D4 /* Build configuration list for PBXProject "ZeroOTP" */ = {
			isa = XCConfigurationList;
			buildConfigurations = (
				671C6A672E29E9DC008081D4 /* Debug */,
				671C6A682E29E9DC008081D4 /* Release */,
			);
			defaultConfigurationIsVisible = 0;
			defaultConfigurationName = Release;
		};
		671C6A642E29E9DC008081D4 /* Build configuration list for PBXNativeTarget "ZeroOTP" */ = {
			isa = XCConfigurationList;
			buildConfigurations = (
				671C6A652E29E9DC008081D4 /* Debug */,
				671C6A662E29E9DC008081D4 /* Release */,
			);
			defaultConfigurationIsVisible = 0;
			defaultConfigurationName = Release;
		};
		671C6A692E29E9DC008081D4 /* Build configuration list for PBXNativeTarget "ZeroOTPTests" */ = {
			isa = XCConfigurationList;
			buildConfigurations = (
				671C6A6A2E29E9DC008081D4 /* Debug */,
				671C6A6B2E29E9DC008081D4 /* Release */,
			);
			defaultConfigurationIsVisible = 0;
			defaultConfigurationName = Release;
		};
		671C6A6C2E29E9DC008081D4 /* Build configuration list for PBXNativeTarget "ZeroOTPUITests" */ = {
			isa = XCConfigurationList;
			buildConfigurations = (
				671C6A6D2E29E9DC008081D4 /* Debug */,
				671C6A6E2E29E9DC008081D4 /* Release */,
			);
			defaultConfigurationIsVisible = 0;
			defaultConfigurationName = Release;
		};
/* End XCConfigurationList section */

/* Begin XCRemoteSwiftPackageReference section */
		6712896B2E3AFDC3005BBF64 /* XCRemoteSwiftPackageReference "swift-crypto" */ = {
			isa = XCRemoteSwiftPackageReference;
			repositoryURL = "https://github.com/apple/swift-crypto.git";
			requirement = {
				kind = upToNextMajorVersion;
				minimumVersion = 3.13.3;
			};
		};
		6712896C2E3AFDE4005BBF64 /* XCRemoteSwiftPackageReference "SwiftOTP" */ = {
			isa = XCRemoteSwiftPackageReference;
			repositoryURL = "https://github.com/lachlanbell/SwiftOTP";
			requirement = {
				kind = upToNextMajorVersion;
				minimumVersion = 3.0.2;
			};
		};
		6712896D2E3B014D005BBF64 /* XCRemoteSwiftPackageReference "SamplePackage" */ = {
			isa = XCRemoteSwiftPackageReference;
			repositoryURL = "https://github.com/twostraws/SamplePackage";
			requirement = {
				kind = upToNextMajorVersion;
				minimumVersion = 1.0.0;
			};
		};
/* End XCRemoteSwiftPackageReference section */

/* Begin XCSwiftPackageProductDependency section */
		6796DD312E3B039800A59055 /* SwiftOTP */ = {
			isa = XCSwiftPackageProductDependency;
			package = 6712896C2E3AFDE4005BBF64 /* XCRemoteSwiftPackageReference "SwiftOTP" */;
			productName = SwiftOTP;
		};
		6796DD332E3B039C00A59055 /* SwiftOTP-Dynamic */ = {
			isa = XCSwiftPackageProductDependency;
			package = 6712896C2E3AFDE4005BBF64 /* XCRemoteSwiftPackageReference "SwiftOTP" */;
			productName = "SwiftOTP-Dynamic";
		};
		6796DD372E3B03A400A59055 /* _CryptoExtras */ = {
			isa = XCSwiftPackageProductDependency;
			package = 6712896B2E3AFDC3005BBF64 /* XCRemoteSwiftPackageReference "swift-crypto" */;
			productName = _CryptoExtras;
		};
		6796DD392E3B03A800A59055 /* Crypto */ = {
			isa = XCSwiftPackageProductDependency;
			package = 6712896B2E3AFDC3005BBF64 /* XCRemoteSwiftPackageReference "swift-crypto" */;
			productName = Crypto;
		};
		6796DD3B2E3B03AD00A59055 /* SamplePackage */ = {
			isa = XCSwiftPackageProductDependency;
			package = 6712896D2E3B014D005BBF64 /* XCRemoteSwiftPackageReference "SamplePackage" */;
			productName = SamplePackage;
		};
/* End XCSwiftPackageProductDependency section */
	};
	rootObject = 671C6A302E29E9DB008081D4 /* Project object */;
}
